%{"fs": {:hex, :fs, "0.9.2", "ed17036c26c3f70ac49781ed9220a50c36775c6ca2cf8182d123b6566e49ec59", [:rebar], []},
  "mix_test_watch": {:hex, :mix_test_watch, "0.1.2", "c3e4ba40b5987cecbd44550efbc17133cffabf2c3e4b314cb84ad5ae7e474066", [:mix], [{:fs, "~> 0.9.1", [hex: :fs, optional: false]}, {:porcelain, "~> 2.0.0", [hex: :porcelain, optional: false]}]},
  "porcelain": {:hex, :porcelain, "2.0.3", "2d77b17d1f21fed875b8c5ecba72a01533db2013bd2e5e62c6d286c029150fdc", [:mix], []}}
